
Microsoft Visual Studio Solution File, Format Version 12.00
# Visual Studio Version 16
VisualStudioVersion = 16.0.31729.503
MinimumVisualStudioVersion = 10.0.40219.1
Project("{FAE04EC0-301F-11D3-BF4B-00C04F79EFBC}") = "AdventOfCode.2015", "AdventOfCode.2015\AdventOfCode.2015.csproj", "{DF854F93-FFA4-43B3-835B-5D93BD1E38BF}"
EndProject
Global
	GlobalSection(SolutionConfigurationPlatforms) = preSolution
		Debug|Any CPU = Debug|Any CPU
		Release|Any CPU = Release|Any CPU
	EndGlobalSection
	GlobalSection(ProjectConfigurationPlatforms) = postSolution
		{DF854F93-FFA4-43B3-835B-5D93BD1E38BF}.Debug|Any CPU.ActiveCfg = Debug|Any CPU
		{DF854F93-FFA4-43B3-835B-5D93BD1E38BF}.Debug|Any CPU.Build.0 = Debug|Any CPU
		{DF854F93-FFA4-43B3-835B-5D93BD1E38BF}.Release|Any CPU.ActiveCfg = Release|Any CPU
		{DF854F93-FFA4-43B3-835B-5D93BD1E38BF}.Release|Any CPU.Build.0 = Release|Any CPU
	EndGlobalSection
	GlobalSection(SolutionProperties) = preSolution
		HideSolutionNode = FALSE
	EndGlobalSection
	GlobalSection(ExtensibilityGlobals) = postSolution
		SolutionGuid = {FF075A80-1C66-4BE3-B8C0-5956222C4750}
	EndGlobalSection
EndGlobal
